
Microsoft Visual Studio Solution File, Format Version 12.00
# Visual Studio 15
VisualStudioVersion = 15.0.27130.2027
MinimumVisualStudioVersion = 10.0.40219.1
Project("{2150E333-8FDC-42A3-9474-1A3956D46DE8}") = "Solution Items", "Solution Items", "{904F25A9-5CBD-42AE-8422-ADAB98F4B4B7}"
	ProjectSection(SolutionItems) = preProject
		.editorconfig = .editorconfig
		.gitattributes = .gitattributes
		.gitignore = .gitignore
		.gitlab-ci.yml = .gitlab-ci.yml
		CODE_OF_CONDUCT.md = CODE_OF_CONDUCT.md
		README.md = README.md
	EndProjectSection
EndProject
Project("{2150E333-8FDC-42A3-9474-1A3956D46DE8}") = "Tests", "Tests", "{00542765-0364-4DA4-946E-7759481C4D72}"
EndProject
Project("{9A19103F-16F7-4668-BE54-9A1E7A4F7556}") = "Sieve.UnitTests", "test\Sieve.UnitTests\Sieve.UnitTests.csproj", "{09940CFB-6E9C-4D50-BE1A-D7E463BB28A5}"
EndProject
Project("{9A19103F-16F7-4668-BE54-9A1E7A4F7556}") = "Sieve", "src\Sieve\Sieve.csproj", "{6E5E7DF9-95EE-46FD-BB09-92740357A7A5}"
EndProject
Project("{2150E333-8FDC-42A3-9474-1A3956D46DE8}") = "Samples", "Samples", "{F5B04DFA-8047-4B61-B5B7-9C9A92E992CC}"
EndProject
Project("{9A19103F-16F7-4668-BE54-9A1E7A4F7556}") = "Sieve.Sample", "src\Sieve.Sample\Sieve.Sample.csproj", "{B1421F86-1398-4784-A95C-8A1FBE7D3C8B}"
EndProject
Global
	GlobalSection(SolutionConfigurationPlatforms) = preSolution
		Debug|Any CPU = Debug|Any CPU
		Release|Any CPU = Release|Any CPU
	EndGlobalSection
	GlobalSection(ProjectConfigurationPlatforms) = postSolution
		{09940CFB-6E9C-4D50-BE1A-D7E463BB28A5}.Debug|Any CPU.ActiveCfg = Debug|Any CPU
		{09940CFB-6E9C-4D50-BE1A-D7E463BB28A5}.Debug|Any CPU.Build.0 = Debug|Any CPU
		{09940CFB-6E9C-4D50-BE1A-D7E463BB28A5}.Release|Any CPU.ActiveCfg = Release|Any CPU
		{09940CFB-6E9C-4D50-BE1A-D7E463BB28A5}.Release|Any CPU.Build.0 = Release|Any CPU
		{6E5E7DF9-95EE-46FD-BB09-92740357A7A5}.Debug|Any CPU.ActiveCfg = Debug|Any CPU
		{6E5E7DF9-95EE-46FD-BB09-92740357A7A5}.Debug|Any CPU.Build.0 = Debug|Any CPU
		{6E5E7DF9-95EE-46FD-BB09-92740357A7A5}.Release|Any CPU.ActiveCfg = Release|Any CPU
		{6E5E7DF9-95EE-46FD-BB09-92740357A7A5}.Release|Any CPU.Build.0 = Release|Any CPU
		{B1421F86-1398-4784-A95C-8A1FBE7D3C8B}.Debug|Any CPU.ActiveCfg = Debug|Any CPU
		{B1421F86-1398-4784-A95C-8A1FBE7D3C8B}.Debug|Any CPU.Build.0 = Debug|Any CPU
		{B1421F86-1398-4784-A95C-8A1FBE7D3C8B}.Release|Any CPU.ActiveCfg = Release|Any CPU
		{B1421F86-1398-4784-A95C-8A1FBE7D3C8B}.Release|Any CPU.Build.0 = Release|Any CPU
	EndGlobalSection
	GlobalSection(SolutionProperties) = preSolution
		HideSolutionNode = FALSE
	EndGlobalSection
	GlobalSection(NestedProjects) = preSolution
		{09940CFB-6E9C-4D50-BE1A-D7E463BB28A5} = {00542765-0364-4DA4-946E-7759481C4D72}
		{B1421F86-1398-4784-A95C-8A1FBE7D3C8B} = {F5B04DFA-8047-4B61-B5B7-9C9A92E992CC}
	EndGlobalSection
	GlobalSection(ExtensibilityGlobals) = postSolution
		SolutionGuid = {6D7C2175-439A-434B-94C1-C819129D948E}
	EndGlobalSection
EndGlobal
