
Microsoft Visual Studio Solution File, Format Version 12.00
# Visual Studio Version 16
VisualStudioVersion = 16.0.29503.13
MinimumVisualStudioVersion = 10.0.40219.1
Project("{2150E333-8FDC-42A3-9474-1A3956D46DE8}") = "Solution Items", "Solution Items", "{904F25A9-5CBD-42AE-8422-ADAB98F4B4B7}"
	ProjectSection(SolutionItems) = preProject
		.gitattributes = .gitattributes
		.gitignore = .gitignore
		.gitlab-ci.yml = .gitlab-ci.yml
		CODE_OF_CONDUCT.md = CODE_OF_CONDUCT.md
		docs\migration-guide-from-sieve-to-strainer.md = docs\migration-guide-from-sieve-to-strainer.md
		README.md = README.md
	EndProjectSection
EndProject
Project("{2150E333-8FDC-42A3-9474-1A3956D46DE8}") = "Tests", "Tests", "{00542765-0364-4DA4-946E-7759481C4D72}"
EndProject
Project("{9A19103F-16F7-4668-BE54-9A1E7A4F7556}") = "Strainer", "src\Strainer\Strainer.csproj", "{0B1F7FF9-EE9C-4D2A-981D-24C0C3443B1C}"
EndProject
Project("{2150E333-8FDC-42A3-9474-1A3956D46DE8}") = "Examples", "Examples", "{19D3EA3A-5F1B-4650-8261-A5D82C5A1F4D}"
EndProject
Project("{9A19103F-16F7-4668-BE54-9A1E7A4F7556}") = "Strainer.UnitTests", "test\Strainer.UnitTests\Strainer.UnitTests.csproj", "{D1DB24FC-52FB-41D7-BC3F-29D90C12FC34}"
EndProject
Project("{9A19103F-16F7-4668-BE54-9A1E7A4F7556}") = "Strainer.ExampleWebApi", "src\Strainer.ExampleWebApi\Strainer.ExampleWebApi.csproj", "{EF1628CD-DA1F-4315-AA50-7FA423EFE7AF}"
EndProject
Project("{9A19103F-16F7-4668-BE54-9A1E7A4F7556}") = "Strainer.IntegrationTests", "test\Strainer.IntegrationTests\Strainer.IntegrationTests.csproj", "{0995D0CE-7A1D-42C6-9196-3028616DB828}"
EndProject
Project("{9A19103F-16F7-4668-BE54-9A1E7A4F7556}") = "Strainer.TestModels", "test\Strainer.TestModels\Strainer.TestModels.csproj", "{BF6F8A28-977A-46D3-BE2D-8BC90C8A97FB}"
EndProject
Project("{9A19103F-16F7-4668-BE54-9A1E7A4F7556}") = "Strainer.AspNetCore", "src\Strainer.AspNetCore\Strainer.AspNetCore.csproj", "{B14505AD-4C49-400F-AC10-21A5EA31A93B}"
EndProject
Global
	GlobalSection(SolutionConfigurationPlatforms) = preSolution
		Debug|Any CPU = Debug|Any CPU
		Release|Any CPU = Release|Any CPU
	EndGlobalSection
	GlobalSection(ProjectConfigurationPlatforms) = postSolution
		{0B1F7FF9-EE9C-4D2A-981D-24C0C3443B1C}.Debug|Any CPU.ActiveCfg = Debug|Any CPU
		{0B1F7FF9-EE9C-4D2A-981D-24C0C3443B1C}.Debug|Any CPU.Build.0 = Debug|Any CPU
		{0B1F7FF9-EE9C-4D2A-981D-24C0C3443B1C}.Release|Any CPU.ActiveCfg = Release|Any CPU
		{0B1F7FF9-EE9C-4D2A-981D-24C0C3443B1C}.Release|Any CPU.Build.0 = Release|Any CPU
		{D1DB24FC-52FB-41D7-BC3F-29D90C12FC34}.Debug|Any CPU.ActiveCfg = Debug|Any CPU
		{D1DB24FC-52FB-41D7-BC3F-29D90C12FC34}.Debug|Any CPU.Build.0 = Debug|Any CPU
		{D1DB24FC-52FB-41D7-BC3F-29D90C12FC34}.Release|Any CPU.ActiveCfg = Release|Any CPU
		{D1DB24FC-52FB-41D7-BC3F-29D90C12FC34}.Release|Any CPU.Build.0 = Release|Any CPU
		{EF1628CD-DA1F-4315-AA50-7FA423EFE7AF}.Debug|Any CPU.ActiveCfg = Debug|Any CPU
		{EF1628CD-DA1F-4315-AA50-7FA423EFE7AF}.Debug|Any CPU.Build.0 = Debug|Any CPU
		{EF1628CD-DA1F-4315-AA50-7FA423EFE7AF}.Release|Any CPU.ActiveCfg = Release|Any CPU
		{EF1628CD-DA1F-4315-AA50-7FA423EFE7AF}.Release|Any CPU.Build.0 = Release|Any CPU
		{0995D0CE-7A1D-42C6-9196-3028616DB828}.Debug|Any CPU.ActiveCfg = Debug|Any CPU
		{0995D0CE-7A1D-42C6-9196-3028616DB828}.Debug|Any CPU.Build.0 = Debug|Any CPU
		{0995D0CE-7A1D-42C6-9196-3028616DB828}.Release|Any CPU.ActiveCfg = Release|Any CPU
		{0995D0CE-7A1D-42C6-9196-3028616DB828}.Release|Any CPU.Build.0 = Release|Any CPU
		{BF6F8A28-977A-46D3-BE2D-8BC90C8A97FB}.Debug|Any CPU.ActiveCfg = Debug|Any CPU
		{BF6F8A28-977A-46D3-BE2D-8BC90C8A97FB}.Debug|Any CPU.Build.0 = Debug|Any CPU
		{BF6F8A28-977A-46D3-BE2D-8BC90C8A97FB}.Release|Any CPU.ActiveCfg = Release|Any CPU
		{BF6F8A28-977A-46D3-BE2D-8BC90C8A97FB}.Release|Any CPU.Build.0 = Release|Any CPU
		{B14505AD-4C49-400F-AC10-21A5EA31A93B}.Debug|Any CPU.ActiveCfg = Debug|Any CPU
		{B14505AD-4C49-400F-AC10-21A5EA31A93B}.Debug|Any CPU.Build.0 = Debug|Any CPU
		{B14505AD-4C49-400F-AC10-21A5EA31A93B}.Release|Any CPU.ActiveCfg = Release|Any CPU
		{B14505AD-4C49-400F-AC10-21A5EA31A93B}.Release|Any CPU.Build.0 = Release|Any CPU
	EndGlobalSection
	GlobalSection(SolutionProperties) = preSolution
		HideSolutionNode = FALSE
	EndGlobalSection
	GlobalSection(NestedProjects) = preSolution
		{D1DB24FC-52FB-41D7-BC3F-29D90C12FC34} = {00542765-0364-4DA4-946E-7759481C4D72}
		{EF1628CD-DA1F-4315-AA50-7FA423EFE7AF} = {19D3EA3A-5F1B-4650-8261-A5D82C5A1F4D}
		{0995D0CE-7A1D-42C6-9196-3028616DB828} = {00542765-0364-4DA4-946E-7759481C4D72}
		{BF6F8A28-977A-46D3-BE2D-8BC90C8A97FB} = {00542765-0364-4DA4-946E-7759481C4D72}
	EndGlobalSection
	GlobalSection(ExtensibilityGlobals) = postSolution
		SolutionGuid = {6D7C2175-439A-434B-94C1-C819129D948E}
	EndGlobalSection
EndGlobal
